
Microsoft Visual Studio Solution File, Format Version 12.00
# Visual Studio 15
VisualStudioVersion = 15.0.26430.15
MinimumVisualStudioVersion = 10.0.40219.1
Project("{FAE04EC0-301F-11D3-BF4B-00C04F79EFBC}") = "Domain", "Domian\Domain.csproj", "{B7A16DC6-C3F5-45DD-9F19-9DBBBF4242AB}"
EndProject
Project("{FAE04EC0-301F-11D3-BF4B-00C04F79EFBC}") = "Common", "Common\Common.csproj", "{C87A4D29-70FC-476B-AF80-C94CC48BF285}"
EndProject
Project("{FAE04EC0-301F-11D3-BF4B-00C04F79EFBC}") = "Repository", "Repository\Repository.csproj", "{8FE965E5-C5DD-4204-981F-6109B03CA442}"
EndProject
Project("{FAE04EC0-301F-11D3-BF4B-00C04F79EFBC}") = "Web", "Web\Web.csproj", "{8BE62569-014D-4AF0-82E6-79AA5DF1EF90}"
EndProject
Project("{FAE04EC0-301F-11D3-BF4B-00C04F79EFBC}") = "Authorization.DAL", "Authorization.DAL\Authorization.DAL.csproj", "{76B75555-2B75-45AD-812F-0495B9B59007}"
EndProject
Global
	GlobalSection(SolutionConfigurationPlatforms) = preSolution
		Debug|Any CPU = Debug|Any CPU
		Release|Any CPU = Release|Any CPU
	EndGlobalSection
	GlobalSection(ProjectConfigurationPlatforms) = postSolution
		{B7A16DC6-C3F5-45DD-9F19-9DBBBF4242AB}.Debug|Any CPU.ActiveCfg = Debug|Any CPU
		{B7A16DC6-C3F5-45DD-9F19-9DBBBF4242AB}.Debug|Any CPU.Build.0 = Debug|Any CPU
		{B7A16DC6-C3F5-45DD-9F19-9DBBBF4242AB}.Release|Any CPU.ActiveCfg = Release|Any CPU
		{B7A16DC6-C3F5-45DD-9F19-9DBBBF4242AB}.Release|Any CPU.Build.0 = Release|Any CPU
		{C87A4D29-70FC-476B-AF80-C94CC48BF285}.Debug|Any CPU.ActiveCfg = Debug|Any CPU
		{C87A4D29-70FC-476B-AF80-C94CC48BF285}.Debug|Any CPU.Build.0 = Debug|Any CPU
		{C87A4D29-70FC-476B-AF80-C94CC48BF285}.Release|Any CPU.ActiveCfg = Release|Any CPU
		{C87A4D29-70FC-476B-AF80-C94CC48BF285}.Release|Any CPU.Build.0 = Release|Any CPU
		{8FE965E5-C5DD-4204-981F-6109B03CA442}.Debug|Any CPU.ActiveCfg = Debug|Any CPU
		{8FE965E5-C5DD-4204-981F-6109B03CA442}.Debug|Any CPU.Build.0 = Debug|Any CPU
		{8FE965E5-C5DD-4204-981F-6109B03CA442}.Release|Any CPU.ActiveCfg = Release|Any CPU
		{8FE965E5-C5DD-4204-981F-6109B03CA442}.Release|Any CPU.Build.0 = Release|Any CPU
		{8BE62569-014D-4AF0-82E6-79AA5DF1EF90}.Debug|Any CPU.ActiveCfg = Debug|Any CPU
		{8BE62569-014D-4AF0-82E6-79AA5DF1EF90}.Debug|Any CPU.Build.0 = Debug|Any CPU
		{8BE62569-014D-4AF0-82E6-79AA5DF1EF90}.Release|Any CPU.ActiveCfg = Release|Any CPU
		{8BE62569-014D-4AF0-82E6-79AA5DF1EF90}.Release|Any CPU.Build.0 = Release|Any CPU
		{76B75555-2B75-45AD-812F-0495B9B59007}.Debug|Any CPU.ActiveCfg = Debug|Any CPU
		{76B75555-2B75-45AD-812F-0495B9B59007}.Debug|Any CPU.Build.0 = Debug|Any CPU
		{76B75555-2B75-45AD-812F-0495B9B59007}.Release|Any CPU.ActiveCfg = Release|Any CPU
		{76B75555-2B75-45AD-812F-0495B9B59007}.Release|Any CPU.Build.0 = Release|Any CPU
	EndGlobalSection
	GlobalSection(SolutionProperties) = preSolution
		HideSolutionNode = FALSE
	EndGlobalSection
EndGlobal
